
Microsoft Visual Studio Solution File, Format Version 12.00
# Visual Studio Version 16
VisualStudioVersion = 16.0.30804.86
MinimumVisualStudioVersion = 10.0.40219.1
Project("{FAE04EC0-301F-11D3-BF4B-00C04F79EFBC}") = "Balta", "Balta.csproj", "{DC129C67-A384-48A9-BC47-91F14E741280}"
EndProject
Global
	GlobalSection(SolutionConfigurationPlatforms) = preSolution
		Debug|Any CPU = Debug|Any CPU
		Release|Any CPU = Release|Any CPU
	EndGlobalSection
	GlobalSection(ProjectConfigurationPlatforms) = postSolution
		{DC129C67-A384-48A9-BC47-91F14E741280}.Debug|Any CPU.ActiveCfg = Debug|Any CPU
		{DC129C67-A384-48A9-BC47-91F14E741280}.Debug|Any CPU.Build.0 = Debug|Any CPU
		{DC129C67-A384-48A9-BC47-91F14E741280}.Release|Any CPU.ActiveCfg = Release|Any CPU
		{DC129C67-A384-48A9-BC47-91F14E741280}.Release|Any CPU.Build.0 = Release|Any CPU
	EndGlobalSection
	GlobalSection(SolutionProperties) = preSolution
		HideSolutionNode = FALSE
	EndGlobalSection
	GlobalSection(ExtensibilityGlobals) = postSolution
		SolutionGuid = {00706A5A-3C32-4575-B1A8-B61543C0F53E}
	EndGlobalSection
EndGlobal
